
Microsoft Visual Studio Solution File, Format Version 12.00
# Visual Studio Version 17
VisualStudioVersion = 17.14.36616.10 d17.14
MinimumVisualStudioVersion = 10.0.40219.1
Project("{FAE04EC0-301F-11D3-BF4B-00C04F79EFBC}") = "GitPractice", "GitPractice.csproj", "{B39A01D7-CD21-4307-8179-2F511168A0C1}"
EndProject
Global
	GlobalSection(SolutionConfigurationPlatforms) = preSolution
		Debug|Any CPU = Debug|Any CPU
		Release|Any CPU = Release|Any CPU
	EndGlobalSection
	GlobalSection(ProjectConfigurationPlatforms) = postSolution
		{B39A01D7-CD21-4307-8179-2F511168A0C1}.Debug|Any CPU.ActiveCfg = Debug|Any CPU
		{B39A01D7-CD21-4307-8179-2F511168A0C1}.Debug|Any CPU.Build.0 = Debug|Any CPU
		{B39A01D7-CD21-4307-8179-2F511168A0C1}.Release|Any CPU.ActiveCfg = Release|Any CPU
		{B39A01D7-CD21-4307-8179-2F511168A0C1}.Release|Any CPU.Build.0 = Release|Any CPU
	EndGlobalSection
	GlobalSection(SolutionProperties) = preSolution
		HideSolutionNode = FALSE
	EndGlobalSection
	GlobalSection(ExtensibilityGlobals) = postSolution
		SolutionGuid = {9F2C0490-14D5-4B96-B095-2F2BBB598E1A}
	EndGlobalSection
EndGlobal
